
Microsoft Visual Studio Solution File, Format Version 10.00
# Visual Studio 2008
Project("{8BC9CEB8-8B4A-11D0-8D11-00A0C91BC942}") = "OgreSimpleApplication", "project\OgreSimpleApplication.vcproj", "{3BD789C1-8E12-48D1-B7AC-F98B15B0D4EA}"
	ProjectSection(ProjectDependencies) = postProject
		{219CA636-E4B1-524F-90FC-B6DCC55C9418} = {219CA636-E4B1-524F-90FC-B6DCC55C9418}
		{D740158B-4B47-334D-852D-2939467FD8FC} = {D740158B-4B47-334D-852D-2939467FD8FC}
		{36081FE6-6D66-4B49-A2B4-F39B73D18226} = {36081FE6-6D66-4B49-A2B4-F39B73D18226}
	EndProjectSection
EndProject
Project("{8BC9CEB8-8B4A-11D0-8D11-00A0C91BC942}") = "LinearMath", "..\bullet-2.81-rev2613\build\vs2008\LinearMath.vcproj", "{219CA636-E4B1-524F-90FC-B6DCC55C9418}"
EndProject
Project("{8BC9CEB8-8B4A-11D0-8D11-00A0C91BC942}") = "BulletCollision", "..\bullet-2.81-rev2613\build\vs2008\BulletCollision.vcproj", "{D740158B-4B47-334D-852D-2939467FD8FC}"
EndProject
Project("{8BC9CEB8-8B4A-11D0-8D11-00A0C91BC942}") = "BulletDynamics", "..\bullet-2.81-rev2613\build\vs2008\BulletDynamics.vcproj", "{36081FE6-6D66-4B49-A2B4-F39B73D18226}"
EndProject
Global
	GlobalSection(SolutionConfigurationPlatforms) = preSolution
		Debug|Win32 = Debug|Win32
		Release|Win32 = Release|Win32
	EndGlobalSection
	GlobalSection(ProjectConfigurationPlatforms) = postSolution
		{3BD789C1-8E12-48D1-B7AC-F98B15B0D4EA}.Debug|Win32.ActiveCfg = Debug|Win32
		{3BD789C1-8E12-48D1-B7AC-F98B15B0D4EA}.Debug|Win32.Build.0 = Debug|Win32
		{3BD789C1-8E12-48D1-B7AC-F98B15B0D4EA}.Release|Win32.ActiveCfg = Release|Win32
		{3BD789C1-8E12-48D1-B7AC-F98B15B0D4EA}.Release|Win32.Build.0 = Release|Win32
		{219CA636-E4B1-524F-90FC-B6DCC55C9418}.Debug|Win32.ActiveCfg = Debug|Win32
		{219CA636-E4B1-524F-90FC-B6DCC55C9418}.Debug|Win32.Build.0 = Debug|Win32
		{219CA636-E4B1-524F-90FC-B6DCC55C9418}.Release|Win32.ActiveCfg = Release|Win32
		{219CA636-E4B1-524F-90FC-B6DCC55C9418}.Release|Win32.Build.0 = Release|Win32
		{D740158B-4B47-334D-852D-2939467FD8FC}.Debug|Win32.ActiveCfg = Debug|Win32
		{D740158B-4B47-334D-852D-2939467FD8FC}.Debug|Win32.Build.0 = Debug|Win32
		{D740158B-4B47-334D-852D-2939467FD8FC}.Release|Win32.ActiveCfg = Release|Win32
		{D740158B-4B47-334D-852D-2939467FD8FC}.Release|Win32.Build.0 = Release|Win32
		{36081FE6-6D66-4B49-A2B4-F39B73D18226}.Debug|Win32.ActiveCfg = Debug|Win32
		{36081FE6-6D66-4B49-A2B4-F39B73D18226}.Debug|Win32.Build.0 = Debug|Win32
		{36081FE6-6D66-4B49-A2B4-F39B73D18226}.Release|Win32.ActiveCfg = Release|Win32
		{36081FE6-6D66-4B49-A2B4-F39B73D18226}.Release|Win32.Build.0 = Release|Win32
	EndGlobalSection
	GlobalSection(SolutionProperties) = preSolution
		HideSolutionNode = FALSE
	EndGlobalSection
EndGlobal
